
Microsoft Visual Studio Solution File, Format Version 12.00
# Visual Studio Version 17
VisualStudioVersion = 17.6.33829.357
MinimumVisualStudioVersion = 10.0.40219.1
Project("{FAE04EC0-301F-11D3-BF4B-00C04F79EFBC}") = "calcAPI", "calcAPI\calcAPI.csproj", "{DCFA2875-8DF2-4A34-A050-26B30B4BC0A7}"
EndProject
Global
	GlobalSection(SolutionConfigurationPlatforms) = preSolution
		Debug|Any CPU = Debug|Any CPU
		Release|Any CPU = Release|Any CPU
	EndGlobalSection
	GlobalSection(ProjectConfigurationPlatforms) = postSolution
		{DCFA2875-8DF2-4A34-A050-26B30B4BC0A7}.Debug|Any CPU.ActiveCfg = Debug|Any CPU
		{DCFA2875-8DF2-4A34-A050-26B30B4BC0A7}.Debug|Any CPU.Build.0 = Debug|Any CPU
		{DCFA2875-8DF2-4A34-A050-26B30B4BC0A7}.Release|Any CPU.ActiveCfg = Release|Any CPU
		{DCFA2875-8DF2-4A34-A050-26B30B4BC0A7}.Release|Any CPU.Build.0 = Release|Any CPU
	EndGlobalSection
	GlobalSection(SolutionProperties) = preSolution
		HideSolutionNode = FALSE
	EndGlobalSection
	GlobalSection(ExtensibilityGlobals) = postSolution
		SolutionGuid = {9A6DF869-A0CF-41F0-A22B-A032F32B72A0}
	EndGlobalSection
EndGlobal
